<Solution>
  <Project Path="01_Alkomat/01_Alkomat/01_Alkomat.csproj" />
  <Project Path="02_Alkomat_Color/02_Alkomat_Color.csproj" Id="131bc19c-1460-4b1e-ab7d-19483eed1bc5" />
  <Project Path="03_DressCode/03_DressCode/03_DressCode.csproj" />
  <Project Path="04_SimpleCalculator/04_SimpleCalculator.csproj" Id="29b74219-ea9b-460c-ba68-690affe96059" />
  <Project Path="05_TypeChecker/05_TypeChecker/05_TypeChecker.csproj" />
  <Project Path="06_Calculator/06_Calculator.csproj" Id="edc63f5a-70cd-47a3-ae44-439539665bfc" />
  <Project Path="07_Loops/07_Loops.csproj" Id="ffb0c61e-7d54-4d51-9cbc-882c3f62eef9" />
  <Project Path="08_TaschenrechnerGruppe/08_TaschenrechnerGruppe.csproj" Id="018b0693-6c8f-40dc-9558-df04c755ab19" />
  <Project Path="09_ArraysGruppe/09_ArraysGruppe.csproj" Id="8a03890f-b3cf-4307-b3c7-3b35e877d700" />
  <Project Path="10_BubbleSort/10_BubbleSort.csproj" Id="1720ffe8-9d5a-4079-8bc2-52e20040f2bf" />
  <Project Path="11_PointerFun/11_PointerFun.csproj" Id="da492e35-2e67-4732-9a15-f4236f8c38c4" />
  <Project Path="12_Hafner_Array/12_Hafner_Array.csproj" Id="7c21b114-991f-4999-b160-891cc5f3e9b1" />
</Solution>
